<?xml version="1.0" encoding="utf-8"?>
<Project ToolsVersion="4.0" xmlns="http://schemas.microsoft.com/developer/msbuild/2003">
  <ItemGroup>
    <Filter Include="Source Files">
      <UniqueIdentifier>{4FC737F1-C7A5-4376-A066-2A32D752A2FF}</UniqueIdentifier>
      <Extensions>cpp;c;cc;cxx;def;odl;idl;hpj;bat;asm;asmx</Extensions>
    </Filter>
    <Filter Include="Header Files">
      <UniqueIdentifier>{93995380-89BD-4b04-88EB-625FBE52EBFB}</UniqueIdentifier>
      <Extensions>h;hh;hpp;hxx;hm;inl;inc;ipp;xsd</Extensions>
    </Filter>
    <Filter Include="Resource Files">
      <UniqueIdentifier>{67DA6AB6-F800-4c08-8B7A-83BB121AAD01}</UniqueIdentifier>
      <Extensions>rc;ico;cur;bmp;dlg;rc2;rct;bin;rgs;gif;jpg;jpeg;jpe;resx;tiff;tif;png;wav;mfcribbon-ms</Extensions>
    </Filter>
  </ItemGroup>
  <ItemGroup>
    <ClInclude Include="SpecialSword.h">
      <Filter>Header Files</Filter>
    </ClInclude>
    <ClInclude Include="Spkies.h">
      <Filter>Header Files</Filter>
    </ClInclude>
    <ClInclude Include="StaticObject.h">
      <Filter>Header Files</Filter>
    </ClInclude>
    <ClInclude Include="StatusBar.h">
      <Filter>Header Files</Filter>
    </ClInclude>
    <ClInclude Include="Tile.h">
      <Filter>Header Files</Filter>
    </ClInclude>
    <ClInclude Include="TNT.h">
      <Filter>Header Files</Filter>
    </ClInclude>
    <ClInclude Include="Token.h">
      <Filter>Header Files</Filter>
    </ClInclude>
    <ClInclude Include="Treasure.h">
      <Filter>Header Files</Filter>
    </ClInclude>
    <ClInclude Include="Wall.h">
      <Filter>Header Files</Filter>
    </ClInclude>
    <ClInclude Include="WallTile.h">
      <Filter>Header Files</Filter>
    </ClInclude>
    <ClInclude Include="AssetIDs.h">
      <Filter>Header Files</Filter>
    </ClInclude>
    <ClInclude Include="AssetManager.h">
      <Filter>Header Files</Filter>
    </ClInclude>
    <ClInclude Include="AttackCommand.h">
      <Filter>Header Files</Filter>
    </ClInclude>
    <ClInclude Include="BreakableTile.h">
      <Filter>Header Files</Filter>
    </ClInclude>
    <ClInclude Include="Bullets.h">
      <Filter>Header Files</Filter>
    </ClInclude>
    <ClInclude Include="Camera.h">
      <Filter>Header Files</Filter>
    </ClInclude>
    <ClInclude Include="Coins.h">
      <Filter>Header Files</Filter>
    </ClInclude>
    <ClInclude Include="CollisionManager.h">
      <Filter>Header Files</Filter>
    </ClInclude>
    <ClInclude Include="Command.h">
      <Filter>Header Files</Filter>
    </ClInclude>
    <ClInclude Include="Constants.h">
      <Filter>Header Files</Filter>
    </ClInclude>
    <ClInclude Include="DynamicObject.h">
      <Filter>Header Files</Filter>
    </ClInclude>
    <ClInclude Include="emptyHelper.h">
      <Filter>Header Files</Filter>
    </ClInclude>
    <ClInclude Include="EndState.h">
      <Filter>Header Files</Filter>
    </ClInclude>
    <ClInclude Include="Enemy.h">
      <Filter>Header Files</Filter>
    </ClInclude>
    <ClInclude Include="EnemyBullet.h">
      <Filter>Header Files</Filter>
    </ClInclude>
    <ClInclude Include="EnemyState.h">
      <Filter>Header Files</Filter>
    </ClInclude>
    <ClInclude Include="Fire.h">
      <Filter>Header Files</Filter>
    </ClInclude>
    <ClInclude Include="GameClock.h">
      <Filter>Header Files</Filter>
    </ClInclude>
    <ClInclude Include="GameManager.h">
      <Filter>Header Files</Filter>
    </ClInclude>
    <ClInclude Include="GameState.h">
      <Filter>Header Files</Filter>
    </ClInclude>
    <ClInclude Include="HealthPotion.h">
      <Filter>Header Files</Filter>
    </ClInclude>
    <ClInclude Include="IntroState.h">
      <Filter>Header Files</Filter>
    </ClInclude>
    <ClInclude Include="Ladder.h">
      <Filter>Header Files</Filter>
    </ClInclude>
    <ClInclude Include="MenuButton.h">
      <Filter>Header Files</Filter>
    </ClInclude>
    <ClInclude Include="MenuState.h">
      <Filter>Header Files</Filter>
    </ClInclude>
    <ClInclude Include="Object.h">
      <Filter>Header Files</Filter>
    </ClInclude>
    <ClInclude Include="Obstacle.h">
      <Filter>Header Files</Filter>
    </ClInclude>
    <ClInclude Include="PauseState.h">
      <Filter>Header Files</Filter>
    </ClInclude>
    <ClInclude Include="Pickup.h">
      <Filter>Header Files</Filter>
    </ClInclude>
    <ClInclude Include="Player.h">
      <Filter>Header Files</Filter>
    </ClInclude>
    <ClInclude Include="PlayerBullet.h">
      <Filter>Header Files</Filter>
    </ClInclude>
    <ClInclude Include="PlayerState.h">
      <Filter>Header Files</Filter>
    </ClInclude>
    <ClInclude Include="PlayState.h">
      <Filter>Header Files</Filter>
    </ClInclude>
    <ClInclude Include="Potion.h">
      <Filter>Header Files</Filter>
    </ClInclude>
    <ClInclude Include="RankState.h">
      <Filter>Header Files</Filter>
    </ClInclude>
    <ClInclude Include="RegEnemy.h">
      <Filter>Header Files</Filter>
    </ClInclude>
    <ClInclude Include="Shots.h">
      <Filter>Header Files</Filter>
    </ClInclude>
    <ClInclude Include="SmartEnemy.h">
      <Filter>Header Files</Filter>
    </ClInclude>
    <ClInclude Include="Source.h">
      <Filter>Header Files</Filter>
    </ClInclude>
    <ClInclude Include="SpawnManager.h">
      <Filter>Header Files</Filter>
    </ClInclude>
  </ItemGroup>
  <ItemGroup>
    <ClCompile Include="Spkies.cpp">
      <Filter>Source Files</Filter>
    </ClCompile>
    <ClCompile Include="StaticObject.cpp">
      <Filter>Source Files</Filter>
    </ClCompile>
    <ClCompile Include="StatusBar.cpp">
      <Filter>Source Files</Filter>
    </ClCompile>
    <ClCompile Include="Tile.cpp">
      <Filter>Source Files</Filter>
    </ClCompile>
    <ClCompile Include="TNT.cpp">
      <Filter>Source Files</Filter>
    </ClCompile>
    <ClCompile Include="Token.cpp">
      <Filter>Source Files</Filter>
    </ClCompile>
    <ClCompile Include="Treasure.cpp">
      <Filter>Source Files</Filter>
    </ClCompile>
    <ClCompile Include="Wall.cpp">
      <Filter>Source Files</Filter>
    </ClCompile>
    <ClCompile Include="WallTile.cpp">
      <Filter>Source Files</Filter>
    </ClCompile>
    <ClCompile Include="BreakableTile.cpp">
      <Filter>Source Files</Filter>
    </ClCompile>
    <ClCompile Include="Bullets.cpp">
      <Filter>Source Files</Filter>
    </ClCompile>
    <ClCompile Include="Coins.cpp">
      <Filter>Source Files</Filter>
    </ClCompile>
    <ClCompile Include="CollisionManager.cpp">
      <Filter>Source Files</Filter>
    </ClCompile>
    <ClCompile Include="DynamicObject.cpp">
      <Filter>Source Files</Filter>
    </ClCompile>
    <ClCompile Include="emptyHelper.cpp">
      <Filter>Source Files</Filter>
    </ClCompile>
    <ClCompile Include="EndState.cpp">
      <Filter>Source Files</Filter>
    </ClCompile>
    <ClCompile Include="Enemy.cpp">
      <Filter>Source Files</Filter>
    </ClCompile>
    <ClCompile Include="EnemyBullet.cpp">
      <Filter>Source Files</Filter>
    </ClCompile>
    <ClCompile Include="EnemyState.cpp">
      <Filter>Source Files</Filter>
    </ClCompile>
    <ClCompile Include="Fire.cpp">
      <Filter>Source Files</Filter>
    </ClCompile>
    <ClCompile Include="GameClock.cpp">
      <Filter>Source Files</Filter>
    </ClCompile>
    <ClCompile Include="GameManager.cpp">
      <Filter>Source Files</Filter>
    </ClCompile>
    <ClCompile Include="GameState.cpp">
      <Filter>Source Files</Filter>
    </ClCompile>
    <ClCompile Include="HealthPotion.cpp">
      <Filter>Source Files</Filter>
    </ClCompile>
    <ClCompile Include="IntroState.cpp">
      <Filter>Source Files</Filter>
    </ClCompile>
    <ClCompile Include="Ladder.cpp">
      <Filter>Source Files</Filter>
    </ClCompile>
    <ClCompile Include="main.cpp">
      <Filter>Source Files</Filter>
    </ClCompile>
    <ClCompile Include="MenuState.cpp">
      <Filter>Source Files</Filter>
    </ClCompile>
    <ClCompile Include="Object.cpp">
      <Filter>Source Files</Filter>
    </ClCompile>
    <ClCompile Include="Obstacle.cpp">
      <Filter>Source Files</Filter>
    </ClCompile>
    <ClCompile Include="PauseState.cpp">
      <Filter>Source Files</Filter>
    </ClCompile>
    <ClCompile Include="Pickup.cpp">
      <Filter>Source Files</Filter>
    </ClCompile>
    <ClCompile Include="Player.cpp">
      <Filter>Source Files</Filter>
    </ClCompile>
    <ClCompile Include="PlayerBullet.cpp">
      <Filter>Source Files</Filter>
    </ClCompile>
    <ClCompile Include="PlayerState.cpp">
      <Filter>Source Files</Filter>
    </ClCompile>
    <ClCompile Include="PlayState.cpp">
      <Filter>Source Files</Filter>
    </ClCompile>
    <ClCompile Include="Potion.cpp">
      <Filter>Source Files</Filter>
    </ClCompile>
    <ClCompile Include="RankState.cpp">
      <Filter>Source Files</Filter>
    </ClCompile>
    <ClCompile Include="RegEnemy.cpp">
      <Filter>Source Files</Filter>
    </ClCompile>
    <ClCompile Include="Shots.cpp">
      <Filter>Source Files</Filter>
    </ClCompile>
    <ClCompile Include="SmartEnemy.cpp">
      <Filter>Source Files</Filter>
    </ClCompile>
    <ClCompile Include="Source.cpp">
      <Filter>Source Files</Filter>
    </ClCompile>
    <ClCompile Include="SpecialSword.cpp">
      <Filter>Source Files</Filter>
    </ClCompile>
  </ItemGroup>
  <ItemGroup>
    <Font Include="ALGER.TTF" />
  </ItemGroup>
  <ItemGroup>
    <Text Include="levels - Copy.txt" />
    <Text Include="levels.txt" />
    <Text Include="levels1.txt" />
    <Text Include="scores.txt" />
  </ItemGroup>
</Project>